
Microsoft Visual Studio Solution File, Format Version 12.00
# Visual Studio Version 16
VisualStudioVersion = 16.0.31424.327
MinimumVisualStudioVersion = 10.0.40219.1
Project("{FAE04EC0-301F-11D3-BF4B-00C04F79EFBC}") = "Executor", "Executor\Executor.csproj", "{7C048772-1D37-412B-A1CA-840EB2925387}"
EndProject
Global
	GlobalSection(SolutionConfigurationPlatforms) = preSolution
		Debug|Any CPU = Debug|Any CPU
		Release|Any CPU = Release|Any CPU
	EndGlobalSection
	GlobalSection(ProjectConfigurationPlatforms) = postSolution
		{7C048772-1D37-412B-A1CA-840EB2925387}.Debug|Any CPU.ActiveCfg = Debug|Any CPU
		{7C048772-1D37-412B-A1CA-840EB2925387}.Debug|Any CPU.Build.0 = Debug|Any CPU
		{7C048772-1D37-412B-A1CA-840EB2925387}.Release|Any CPU.ActiveCfg = Release|Any CPU
		{7C048772-1D37-412B-A1CA-840EB2925387}.Release|Any CPU.Build.0 = Release|Any CPU
	EndGlobalSection
	GlobalSection(SolutionProperties) = preSolution
		HideSolutionNode = FALSE
	EndGlobalSection
	GlobalSection(ExtensibilityGlobals) = postSolution
		SolutionGuid = {A79DFFDE-BEF1-4956-8AD0-0BACFA161107}
	EndGlobalSection
EndGlobal
